
Microsoft Visual Studio Solution File, Format Version 12.00
# Visual Studio Version 17
VisualStudioVersion = 17.0.31521.260
MinimumVisualStudioVersion = 10.0.40219.1
Project("{9A19103F-16F7-4668-BE54-9A1E7A4F7556}") = "OptionFunctions", "OptionFunctions\OptionFunctions.csproj", "{9EF15DE2-7E44-47EC-992D-547D6BBCC21A}"
EndProject
Project("{2150E333-8FDC-42A3-9474-1A3956D46DE8}") = "Solution Items", "Solution Items", "{974238D6-2BFB-4F97-B8F1-5DF84E9F8071}"
	ProjectSection(SolutionItems) = preProject
		README.md = README.md
	EndProjectSection
EndProject
Global
	GlobalSection(SolutionConfigurationPlatforms) = preSolution
		Debug|Any CPU = Debug|Any CPU
		Release|Any CPU = Release|Any CPU
	EndGlobalSection
	GlobalSection(ProjectConfigurationPlatforms) = postSolution
		{9EF15DE2-7E44-47EC-992D-547D6BBCC21A}.Debug|Any CPU.ActiveCfg = Debug|Any CPU
		{9EF15DE2-7E44-47EC-992D-547D6BBCC21A}.Debug|Any CPU.Build.0 = Debug|Any CPU
		{9EF15DE2-7E44-47EC-992D-547D6BBCC21A}.Release|Any CPU.ActiveCfg = Release|Any CPU
		{9EF15DE2-7E44-47EC-992D-547D6BBCC21A}.Release|Any CPU.Build.0 = Release|Any CPU
	EndGlobalSection
	GlobalSection(SolutionProperties) = preSolution
		HideSolutionNode = FALSE
	EndGlobalSection
	GlobalSection(ExtensibilityGlobals) = postSolution
		SolutionGuid = {78A6DF42-594A-439E-8206-3452C6E24709}
	EndGlobalSection
EndGlobal
