
Microsoft Visual Studio Solution File, Format Version 12.00
# Visual Studio Version 16
VisualStudioVersion = 16.0.31410.223
MinimumVisualStudioVersion = 10.0.40219.1
Project("{FAE04EC0-301F-11D3-BF4B-00C04F79EFBC}") = "OptionFunctions", "OptionFunctions\OptionFunctions.csproj", "{9EF15DE2-7E44-47EC-992D-547D6BBCC21A}"
EndProject
Global
	GlobalSection(SolutionConfigurationPlatforms) = preSolution
		Debug|Any CPU = Debug|Any CPU
		Release|Any CPU = Release|Any CPU
	EndGlobalSection
	GlobalSection(ProjectConfigurationPlatforms) = postSolution
		{9EF15DE2-7E44-47EC-992D-547D6BBCC21A}.Debug|Any CPU.ActiveCfg = Debug|Any CPU
		{9EF15DE2-7E44-47EC-992D-547D6BBCC21A}.Debug|Any CPU.Build.0 = Debug|Any CPU
		{9EF15DE2-7E44-47EC-992D-547D6BBCC21A}.Release|Any CPU.ActiveCfg = Release|Any CPU
		{9EF15DE2-7E44-47EC-992D-547D6BBCC21A}.Release|Any CPU.Build.0 = Release|Any CPU
	EndGlobalSection
	GlobalSection(SolutionProperties) = preSolution
		HideSolutionNode = FALSE
	EndGlobalSection
	GlobalSection(ExtensibilityGlobals) = postSolution
		SolutionGuid = {78A6DF42-594A-439E-8206-3452C6E24709}
	EndGlobalSection
EndGlobal
